// !$*UTF8*$!
{
	archiveVersion = 1;
	classes = {
	};
	objectVersion = 50;
	objects = {

/* Begin PBXBuildFile section */
		756E7A1C25D97E0E00701680 /* AppDelegate.swift in Sources */ = {isa = PBXBuildFile; fileRef = 756E7A1B25D97E0E00701680 /* AppDelegate.swift */; };
		756E7A1E25D97E0E00701680 /* SceneDelegate.swift in Sources */ = {isa = PBXBuildFile; fileRef = 756E7A1D25D97E0E00701680 /* SceneDelegate.swift */; };
		756E7A2025D97E0E00701680 /* ViewController.swift in Sources */ = {isa = PBXBuildFile; fileRef = 756E7A1F25D97E0E00701680 /* ViewController.swift */; };
		756E7A2325D97E0E00701680 /* Main.storyboard in Resources */ = {isa = PBXBuildFile; fileRef = 756E7A2125D97E0E00701680 /* Main.storyboard */; };
		756E7A2525D97E0E00701680 /* Assets.xcassets in Resources */ = {isa = PBXBuildFile; fileRef = 756E7A2425D97E0E00701680 /* Assets.xcassets */; };
		756E7A2825D97E0E00701680 /* LaunchScreen.storyboard in Resources */ = {isa = PBXBuildFile; fileRef = 756E7A2625D97E0E00701680 /* LaunchScreen.storyboard */; };
		A209622B2AED880A2862E1C8 /* Pods_TechMonOnline.framework in Frameworks */ = {isa = PBXBuildFile; fileRef = 46149F7E9762D2C741EAB2F6 /* Pods_TechMonOnline.framework */; };
/* End PBXBuildFile section */

/* Begin PBXFileReference section */
		46149F7E9762D2C741EAB2F6 /* Pods_TechMonOnline.framework */ = {isa = PBXFileReference; explicitFileType = wrapper.framework; includeInIndex = 0; path = Pods_TechMonOnline.framework; sourceTree = BUILT_PRODUCTS_DIR; };
		756E7A1825D97E0E00701680 /* TechMonOnline.app */ = {isa = PBXFileReference; explicitFileType = wrapper.application; includeInIndex = 0; path = TechMonOnline.app; sourceTree = BUILT_PRODUCTS_DIR; };
		756E7A1B25D97E0E00701680 /* AppDelegate.swift */ = {isa = PBXFileReference; lastKnownFileType = sourcecode.swift; path = AppDelegate.swift; sourceTree = "<group>"; };
		756E7A1D25D97E0E00701680 /* SceneDelegate.swift */ = {isa = PBXFileReference; lastKnownFileType = sourcecode.swift; path = SceneDelegate.swift; sourceTree = "<group>"; };
		756E7A1F25D97E0E00701680 /* ViewController.swift */ = {isa = PBXFileReference; lastKnownFileType = sourcecode.swift; path = ViewController.swift; sourceTree = "<group>"; };
		756E7A2225D97E0E00701680 /* Base */ = {isa = PBXFileReference; lastKnownFileType = file.storyboard; name = Base; path = Base.lproj/Main.storyboard; sourceTree = "<group>"; };
		756E7A2425D97E0E00701680 /* Assets.xcassets */ = {isa = PBXFileReference; lastKnownFileType = folder.assetcatalog; path = Assets.xcassets; sourceTree = "<group>"; };
		756E7A2725D97E0E00701680 /* Base */ = {isa = PBXFileReference; lastKnownFileType = file.storyboard; name = Base; path = Base.lproj/LaunchScreen.storyboard; sourceTree = "<group>"; };
		756E7A2925D97E0E00701680 /* Info.plist */ = {isa = PBXFileReference; lastKnownFileType = text.plist.xml; path = Info.plist; sourceTree = "<group>"; };
		D950A2260B8F4ECC7A17A4AD /* Pods-TechMonOnline.debug.xcconfig */ = {isa = PBXFileReference; includeInIndex = 1; lastKnownFileType = text.xcconfig; name = "Pods-TechMonOnline.debug.xcconfig"; path = "Target Support Files/Pods-TechMonOnline/Pods-TechMonOnline.debug.xcconfig"; sourceTree = "<group>"; };
		FC30A948ECEE0D858CBE82D8 /* Pods-TechMonOnline.release.xcconfig */ = {isa = PBXFileReference; includeInIndex = 1; lastKnownFileType = text.xcconfig; name = "Pods-TechMonOnline.release.xcconfig"; path = "Target Support Files/Pods-TechMonOnline/Pods-TechMonOnline.release.xcconfig"; sourceTree = "<group>"; };
/* End PBXFileReference section */

/* Begin PBXFrameworksBuildPhase section */
		756E7A1525D97E0E00701680 /* Frameworks */ = {
			isa = PBXFrameworksBuildPhase;
			buildActionMask = 2147483647;
			files = (
				A209622B2AED880A2862E1C8 /* Pods_TechMonOnline.framework in Frameworks */,
			);
			runOnlyForDeploymentPostprocessing = 0;
		};
/* End PBXFrameworksBuildPhase section */

/* Begin PBXGroup section */
		756E7A0F25D97E0E00701680 = {
			isa = PBXGroup;
			children = (
				756E7A1A25D97E0E00701680 /* TechMonOnline */,
				756E7A1925D97E0E00701680 /* Products */,
				DB31EA72C89D61F75D95969B /* Pods */,
				C51FBD1AEFA8D7DF58E46CB7 /* Frameworks */,
			);
			sourceTree = "<group>";
		};
		756E7A1925D97E0E00701680 /* Products */ = {
			isa = PBXGroup;
			children = (
				756E7A1825D97E0E00701680 /* TechMonOnline.app */,
			);
			name = Products;
			sourceTree = "<group>";
		};
		756E7A1A25D97E0E00701680 /* TechMonOnline */ = {
			isa = PBXGroup;
			children = (
				756E7A1B25D97E0E00701680 /* AppDelegate.swift */,
				756E7A1D25D97E0E00701680 /* SceneDelegate.swift */,
				756E7A1F25D97E0E00701680 /* ViewController.swift */,
				756E7A2125D97E0E00701680 /* Main.storyboard */,
				756E7A2425D97E0E00701680 /* Assets.xcassets */,
				756E7A2625D97E0E00701680 /* LaunchScreen.storyboard */,
				756E7A2925D97E0E00701680 /* Info.plist */,
			);
			path = TechMonOnline;
			sourceTree = "<group>";
		};
		C51FBD1AEFA8D7DF58E46CB7 /* Frameworks */ = {
			isa = PBXGroup;
			children = (
				46149F7E9762D2C741EAB2F6 /* Pods_TechMonOnline.framework */,
			);
			name = Frameworks;
			sourceTree = "<group>";
		};
		DB31EA72C89D61F75D95969B /* Pods */ = {
			isa = PBXGroup;
			children = (
				D950A2260B8F4ECC7A17A4AD /* Pods-TechMonOnline.debug.xcconfig */,
				FC30A948ECEE0D858CBE82D8 /* Pods-TechMonOnline.release.xcconfig */,
			);
			name = Pods;
			path = Pods;
			sourceTree = "<group>";
		};
/* End PBXGroup section */

/* Begin PBXNativeTarget section */
		756E7A1725D97E0E00701680 /* TechMonOnline */ = {
			isa = PBXNativeTarget;
			buildConfigurationList = 756E7A2C25D97E0E00701680 /* Build configuration list for PBXNativeTarget "TechMonOnline" */;
			buildPhases = (
				9177E409F4EECFFFFD95640F /* [CP] Check Pods Manifest.lock */,
				756E7A1425D97E0E00701680 /* Sources */,
				756E7A1525D97E0E00701680 /* Frameworks */,
				756E7A1625D97E0E00701680 /* Resources */,
				F06982D7C0545268FAF61FDE /* [CP] Embed Pods Frameworks */,
			);
			buildRules = (
			);
			dependencies = (
			);
			name = TechMonOnline;
			productName = TechMonOnline;
			productReference = 756E7A1825D97E0E00701680 /* TechMonOnline.app */;
			productType = "com.apple.product-type.application";
		};
/* End PBXNativeTarget section */

/* Begin PBXProject section */
		756E7A1025D97E0E00701680 /* Project object */ = {
			isa = PBXProject;
			attributes = {
				LastSwiftUpdateCheck = 1240;
				LastUpgradeCheck = 1240;
				TargetAttributes = {
					756E7A1725D97E0E00701680 = {
						CreatedOnToolsVersion = 12.4;
					};
				};
			};
			buildConfigurationList = 756E7A1325D97E0E00701680 /* Build configuration list for PBXProject "TechMonOnline" */;
			compatibilityVersion = "Xcode 9.3";
			developmentRegion = en;
			hasScannedForEncodings = 0;
			knownRegions = (
				en,
				Base,
			);
			mainGroup = 756E7A0F25D97E0E00701680;
			productRefGroup = 756E7A1925D97E0E00701680 /* Products */;
			projectDirPath = "";
			projectRoot = "";
			targets = (
				756E7A1725D97E0E00701680 /* TechMonOnline */,
			);
		};
/* End PBXProject section */

/* Begin PBXResourcesBuildPhase section */
		756E7A1625D97E0E00701680 /* Resources */ = {
			isa = PBXResourcesBuildPhase;
			buildActionMask = 2147483647;
			files = (
				756E7A2825D97E0E00701680 /* LaunchScreen.storyboard in Resources */,
				756E7A2525D97E0E00701680 /* Assets.xcassets in Resources */,
				756E7A2325D97E0E00701680 /* Main.storyboard in Resources */,
			);
			runOnlyForDeploymentPostprocessing = 0;
		};
/* End PBXResourcesBuildPhase section */

/* Begin PBXShellScriptBuildPhase section */
		9177E409F4EECFFFFD95640F /* [CP] Check Pods Manifest.lock */ = {
			isa = PBXShellScriptBuildPhase;
			buildActionMask = 2147483647;
			files = (
			);
			inputFileListPaths = (
			);
			inputPaths = (
				"${PODS_PODFILE_DIR_PATH}/Podfile.lock",
				"${PODS_ROOT}/Manifest.lock",
			);
			name = "[CP] Check Pods Manifest.lock";
			outputFileListPaths = (
			);
			outputPaths = (
				"$(DERIVED_FILE_DIR)/Pods-TechMonOnline-checkManifestLockResult.txt",
			);
			runOnlyForDeploymentPostprocessing = 0;
			shellPath = /bin/sh;
			shellScript = "diff \"${PODS_PODFILE_DIR_PATH}/Podfile.lock\" \"${PODS_ROOT}/Manifest.lock\" > /dev/null\nif [ $? != 0 ] ; then\n    # print error to STDERR\n    echo \"error: The sandbox is not in sync with the Podfile.lock. Run 'pod install' or update your CocoaPods installation.\" >&2\n    exit 1\nfi\n# This output is used by Xcode 'outputs' to avoid re-running this script phase.\necho \"SUCCESS\" > \"${SCRIPT_OUTPUT_FILE_0}\"\n";
			showEnvVarsInLog = 0;
		};
		F06982D7C0545268FAF61FDE /* [CP] Embed Pods Frameworks */ = {
			isa = PBXShellScriptBuildPhase;
			buildActionMask = 2147483647;
			files = (
			);
			inputFileListPaths = (
				"${PODS_ROOT}/Target Support Files/Pods-TechMonOnline/Pods-TechMonOnline-frameworks-${CONFIGURATION}-input-files.xcfilelist",
			);
			name = "[CP] Embed Pods Frameworks";
			outputFileListPaths = (
				"${PODS_ROOT}/Target Support Files/Pods-TechMonOnline/Pods-TechMonOnline-frameworks-${CONFIGURATION}-output-files.xcfilelist",
			);
			runOnlyForDeploymentPostprocessing = 0;
			shellPath = /bin/sh;
			shellScript = "\"${PODS_ROOT}/Target Support Files/Pods-TechMonOnline/Pods-TechMonOnline-frameworks.sh\"\n";
			showEnvVarsInLog = 0;
		};
/* End PBXShellScriptBuildPhase section */

/* Begin PBXSourcesBuildPhase section */
		756E7A1425D97E0E00701680 /* Sources */ = {
			isa = PBXSourcesBuildPhase;
			buildActionMask = 2147483647;
			files = (
				756E7A2025D97E0E00701680 /* ViewController.swift in Sources */,
				756E7A1C25D97E0E00701680 /* AppDelegate.swift in Sources */,
				756E7A1E25D97E0E00701680 /* SceneDelegate.swift in Sources */,
			);
			runOnlyForDeploymentPostprocessing = 0;
		};
/* End PBXSourcesBuildPhase section */

/* Begin PBXVariantGroup section */
		756E7A2125D97E0E00701680 /* Main.storyboard */ = {
			isa = PBXVariantGroup;
			children = (
				756E7A2225D97E0E00701680 /* Base */,
			);
			name = Main.storyboard;
			sourceTree = "<group>";
		};
		756E7A2625D97E0E00701680 /* LaunchScreen.storyboard */ = {
			isa = PBXVariantGroup;
			children = (
				756E7A2725D97E0E00701680 /* Base */,
			);
			name = LaunchScreen.storyboard;
			sourceTree = "<group>";
		};
/* End PBXVariantGroup section */

/* Begin XCBuildConfiguration section */
		756E7A2A25D97E0E00701680 /* Debug */ = {
			isa = XCBuildConfiguration;
			buildSettings = {
				ALWAYS_SEARCH_USER_PATHS = NO;
				CLANG_ANALYZER_NONNULL = YES;
				CLANG_ANALYZER_NUMBER_OBJECT_CONVERSION = YES_AGGRESSIVE;
				CLANG_CXX_LANGUAGE_STANDARD = "gnu++14";
				CLANG_CXX_LIBRARY = "libc++";
				CLANG_ENABLE_MODULES = YES;
				CLANG_ENABLE_OBJC_ARC = YES;
				CLANG_ENABLE_OBJC_WEAK = YES;
				CLANG_WARN_BLOCK_CAPTURE_AUTORELEASING = YES;
				CLANG_WARN_BOOL_CONVERSION = YES;
				CLANG_WARN_COMMA = YES;
				CLANG_WARN_CONSTANT_CONVERSION = YES;
				CLANG_WARN_DEPRECATED_OBJC_IMPLEMENTATIONS = YES;
				CLANG_WARN_DIRECT_OBJC_ISA_USAGE = YES_ERROR;
				CLANG_WARN_DOCUMENTATION_COMMENTS = YES;
				CLANG_WARN_EMPTY_BODY = YES;
				CLANG_WARN_ENUM_CONVERSION = YES;
				CLANG_WARN_INFINITE_RECURSION = YES;
				CLANG_WARN_INT_CONVERSION = YES;
				CLANG_WARN_NON_LITERAL_NULL_CONVERSION = YES;
				CLANG_WARN_OBJC_IMPLICIT_RETAIN_SELF = YES;
				CLANG_WARN_OBJC_LITERAL_CONVERSION = YES;
				CLANG_WARN_OBJC_ROOT_CLASS = YES_ERROR;
				CLANG_WARN_QUOTED_INCLUDE_IN_FRAMEWORK_HEADER = YES;
				CLANG_WARN_RANGE_LOOP_ANALYSIS = YES;
				CLANG_WARN_STRICT_PROTOTYPES = YES;
				CLANG_WARN_SUSPICIOUS_MOVE = YES;
				CLANG_WARN_UNGUARDED_AVAILABILITY = YES_AGGRESSIVE;
				CLANG_WARN_UNREACHABLE_CODE = YES;
				CLANG_WARN__DUPLICATE_METHOD_MATCH = YES;
				COPY_PHASE_STRIP = NO;
				DEBUG_INFORMATION_FORMAT = dwarf;
				ENABLE_STRICT_OBJC_MSGSEND = YES;
				ENABLE_TESTABILITY = YES;
				GCC_C_LANGUAGE_STANDARD = gnu11;
				GCC_DYNAMIC_NO_PIC = NO;
				GCC_NO_COMMON_BLOCKS = YES;
				GCC_OPTIMIZATION_LEVEL = 0;
				GCC_PREPROCESSOR_DEFINITIONS = (
					"DEBUG=1",
					"$(inherited)",
				);
				GCC_WARN_64_TO_32_BIT_CONVERSION = YES;
				GCC_WARN_ABOUT_RETURN_TYPE = YES_ERROR;
				GCC_WARN_UNDECLARED_SELECTOR = YES;
				GCC_WARN_UNINITIALIZED_AUTOS = YES_AGGRESSIVE;
				GCC_WARN_UNUSED_FUNCTION = YES;
				GCC_WARN_UNUSED_VARIABLE = YES;
				IPHONEOS_DEPLOYMENT_TARGET = 14.4;
				MTL_ENABLE_DEBUG_INFO = INCLUDE_SOURCE;
				MTL_FAST_MATH = YES;
				ONLY_ACTIVE_ARCH = YES;
				SDKROOT = iphoneos;
				SWIFT_ACTIVE_COMPILATION_CONDITIONS = DEBUG;
				SWIFT_OPTIMIZATION_LEVEL = "-Onone";
			};
			name = Debug;
		};
		756E7A2B25D97E0E00701680 /* Release */ = {
			isa = XCBuildConfiguration;
			buildSettings = {
				ALWAYS_SEARCH_USER_PATHS = NO;
				CLANG_ANALYZER_NONNULL = YES;
				CLANG_ANALYZER_NUMBER_OBJECT_CONVERSION = YES_AGGRESSIVE;
				CLANG_CXX_LANGUAGE_STANDARD = "gnu++14";
				CLANG_CXX_LIBRARY = "libc++";
				CLANG_ENABLE_MODULES = YES;
				CLANG_ENABLE_OBJC_ARC = YES;
				CLANG_ENABLE_OBJC_WEAK = YES;
				CLANG_WARN_BLOCK_CAPTURE_AUTORELEASING = YES;
				CLANG_WARN_BOOL_CONVERSION = YES;
				CLANG_WARN_COMMA = YES;
				CLANG_WARN_CONSTANT_CONVERSION = YES;
				CLANG_WARN_DEPRECATED_OBJC_IMPLEMENTATIONS = YES;
				CLANG_WARN_DIRECT_OBJC_ISA_USAGE = YES_ERROR;
				CLANG_WARN_DOCUMENTATION_COMMENTS = YES;
				CLANG_WARN_EMPTY_BODY = YES;
				CLANG_WARN_ENUM_CONVERSION = YES;
				CLANG_WARN_INFINITE_RECURSION = YES;
				CLANG_WARN_INT_CONVERSION = YES;
				CLANG_WARN_NON_LITERAL_NULL_CONVERSION = YES;
				CLANG_WARN_OBJC_IMPLICIT_RETAIN_SELF = YES;
				CLANG_WARN_OBJC_LITERAL_CONVERSION = YES;
				CLANG_WARN_OBJC_ROOT_CLASS = YES_ERROR;
				CLANG_WARN_QUOTED_INCLUDE_IN_FRAMEWORK_HEADER = YES;
				CLANG_WARN_RANGE_LOOP_ANALYSIS = YES;
				CLANG_WARN_STRICT_PROTOTYPES = YES;
				CLANG_WARN_SUSPICIOUS_MOVE = YES;
				CLANG_WARN_UNGUARDED_AVAILABILITY = YES_AGGRESSIVE;
				CLANG_WARN_UNREACHABLE_CODE = YES;
				CLANG_WARN__DUPLICATE_METHOD_MATCH = YES;
				COPY_PHASE_STRIP = NO;
				DEBUG_INFORMATION_FORMAT = "dwarf-with-dsym";
				ENABLE_NS_ASSERTIONS = NO;
				ENABLE_STRICT_OBJC_MSGSEND = YES;
				GCC_C_LANGUAGE_STANDARD = gnu11;
				GCC_NO_COMMON_BLOCKS = YES;
				GCC_WARN_64_TO_32_BIT_CONVERSION = YES;
				GCC_WARN_ABOUT_RETURN_TYPE = YES_ERROR;
				GCC_WARN_UNDECLARED_SELECTOR = YES;
				GCC_WARN_UNINITIALIZED_AUTOS = YES_AGGRESSIVE;
				GCC_WARN_UNUSED_FUNCTION = YES;
				GCC_WARN_UNUSED_VARIABLE = YES;
				IPHONEOS_DEPLOYMENT_TARGET = 14.4;
				MTL_ENABLE_DEBUG_INFO = NO;
				MTL_FAST_MATH = YES;
				SDKROOT = iphoneos;
				SWIFT_COMPILATION_MODE = wholemodule;
				SWIFT_OPTIMIZATION_LEVEL = "-O";
				VALIDATE_PRODUCT = YES;
			};
			name = Release;
		};
		756E7A2D25D97E0E00701680 /* Debug */ = {
			isa = XCBuildConfiguration;
			baseConfigurationReference = D950A2260B8F4ECC7A17A4AD /* Pods-TechMonOnline.debug.xcconfig */;
			buildSettings = {
				ASSETCATALOG_COMPILER_APPICON_NAME = AppIcon;
				ASSETCATALOG_COMPILER_GLOBAL_ACCENT_COLOR_NAME = AccentColor;
				CODE_SIGN_STYLE = Automatic;
				INFOPLIST_FILE = TechMonOnline/Info.plist;
				LD_RUNPATH_SEARCH_PATHS = (
					"$(inherited)",
					"@executable_path/Frameworks",
				);
				PRODUCT_BUNDLE_IDENTIFIER = app.higashida.yo.TechMonOnline;
				PRODUCT_NAME = "$(TARGET_NAME)";
				SWIFT_VERSION = 5.0;
				TARGETED_DEVICE_FAMILY = "1,2";
			};
			name = Debug;
		};
		756E7A2E25D97E0E00701680 /* Release */ = {
			isa = XCBuildConfiguration;
			baseConfigurationReference = FC30A948ECEE0D858CBE82D8 /* Pods-TechMonOnline.release.xcconfig */;
			buildSettings = {
				ASSETCATALOG_COMPILER_APPICON_NAME = AppIcon;
				ASSETCATALOG_COMPILER_GLOBAL_ACCENT_COLOR_NAME = AccentColor;
				CODE_SIGN_STYLE = Automatic;
				INFOPLIST_FILE = TechMonOnline/Info.plist;
				LD_RUNPATH_SEARCH_PATHS = (
					"$(inherited)",
					"@executable_path/Frameworks",
				);
				PRODUCT_BUNDLE_IDENTIFIER = app.higashida.yo.TechMonOnline;
				PRODUCT_NAME = "$(TARGET_NAME)";
				SWIFT_VERSION = 5.0;
				TARGETED_DEVICE_FAMILY = "1,2";
			};
			name = Release;
		};
/* End XCBuildConfiguration section */

/* Begin XCConfigurationList section */
		756E7A1325D97E0E00701680 /* Build configuration list for PBXProject "TechMonOnline" */ = {
			isa = XCConfigurationList;
			buildConfigurations = (
				756E7A2A25D97E0E00701680 /* Debug */,
				756E7A2B25D97E0E00701680 /* Release */,
			);
			defaultConfigurationIsVisible = 0;
			defaultConfigurationName = Release;
		};
		756E7A2C25D97E0E00701680 /* Build configuration list for PBXNativeTarget "TechMonOnline" */ = {
			isa = XCConfigurationList;
			buildConfigurations = (
				756E7A2D25D97E0E00701680 /* Debug */,
				756E7A2E25D97E0E00701680 /* Release */,
			);
			defaultConfigurationIsVisible = 0;
			defaultConfigurationName = Release;
		};
/* End XCConfigurationList section */
	};
	rootObject = 756E7A1025D97E0E00701680 /* Project object */;
}
